
Microsoft Visual Studio Solution File, Format Version 12.00
# Visual Studio Version 16
VisualStudioVersion = 16.0.30002.166
MinimumVisualStudioVersion = 10.0.40219.1
Project("{FAE04EC0-301F-11D3-BF4B-00C04F79EFBC}") = "CdStore", "CdStore\CdStore.csproj", "{2684185A-25AB-49B3-A4FD-DED8F1123999}"
EndProject
Global
	GlobalSection(SolutionConfigurationPlatforms) = preSolution
		Debug|Any CPU = Debug|Any CPU
		Release|Any CPU = Release|Any CPU
	EndGlobalSection
	GlobalSection(ProjectConfigurationPlatforms) = postSolution
		{2684185A-25AB-49B3-A4FD-DED8F1123999}.Debug|Any CPU.ActiveCfg = Debug|Any CPU
		{2684185A-25AB-49B3-A4FD-DED8F1123999}.Debug|Any CPU.Build.0 = Debug|Any CPU
		{2684185A-25AB-49B3-A4FD-DED8F1123999}.Release|Any CPU.ActiveCfg = Release|Any CPU
		{2684185A-25AB-49B3-A4FD-DED8F1123999}.Release|Any CPU.Build.0 = Release|Any CPU
	EndGlobalSection
	GlobalSection(SolutionProperties) = preSolution
		HideSolutionNode = FALSE
	EndGlobalSection
	GlobalSection(ExtensibilityGlobals) = postSolution
		SolutionGuid = {67A3EC3D-AE24-4B8E-990C-FFFF8CE2EA9E}
	EndGlobalSection
EndGlobal
